// !$*UTF8*$!
{
	archiveVersion = 1;
	classes = {
	};
	objectVersion = 56;
	objects = {

/* Begin PBXBuildFile section */
		9DDADAAD2C39BD9F00338413 /* SweetTreatsApp.swift in Sources */ = {isa = PBXBuildFile; fileRef = 9DDADAAC2C39BD9F00338413 /* SweetTreatsApp.swift */; };
		9DDADAAF2C39BD9F00338413 /* DessertListView.swift in Sources */ = {isa = PBXBuildFile; fileRef = 9DDADAAE2C39BD9F00338413 /* DessertListView.swift */; };
		9DDADAB12C39BDA200338413 /* Assets.xcassets in Resources */ = {isa = PBXBuildFile; fileRef = 9DDADAB02C39BDA200338413 /* Assets.xcassets */; };
		9DDADAB42C39BDA200338413 /* Preview Assets.xcassets in Resources */ = {isa = PBXBuildFile; fileRef = 9DDADAB32C39BDA200338413 /* Preview Assets.xcassets */; };
		9DDADABB2C39BE2900338413 /* MealResponse.swift in Sources */ = {isa = PBXBuildFile; fileRef = 9DDADABA2C39BE2900338413 /* MealResponse.swift */; };
		9DDADAC22C39C9CF00338413 /* MealDetailView.swift in Sources */ = {isa = PBXBuildFile; fileRef = 9DDADAC12C39C9CF00338413 /* MealDetailView.swift */; };
/* End PBXBuildFile section */

/* Begin PBXFileReference section */
		9DDADAA92C39BD9F00338413 /* SweetTreats.app */ = {isa = PBXFileReference; explicitFileType = wrapper.application; includeInIndex = 0; path = SweetTreats.app; sourceTree = BUILT_PRODUCTS_DIR; };
		9DDADAAC2C39BD9F00338413 /* SweetTreatsApp.swift */ = {isa = PBXFileReference; lastKnownFileType = sourcecode.swift; path = SweetTreatsApp.swift; sourceTree = "<group>"; };
		9DDADAAE2C39BD9F00338413 /* DessertListView.swift */ = {isa = PBXFileReference; lastKnownFileType = sourcecode.swift; path = DessertListView.swift; sourceTree = "<group>"; };
		9DDADAB02C39BDA200338413 /* Assets.xcassets */ = {isa = PBXFileReference; lastKnownFileType = folder.assetcatalog; path = Assets.xcassets; sourceTree = "<group>"; };
		9DDADAB32C39BDA200338413 /* Preview Assets.xcassets */ = {isa = PBXFileReference; lastKnownFileType = folder.assetcatalog; path = "Preview Assets.xcassets"; sourceTree = "<group>"; };
		9DDADABA2C39BE2900338413 /* MealResponse.swift */ = {isa = PBXFileReference; lastKnownFileType = sourcecode.swift; path = MealResponse.swift; sourceTree = "<group>"; };
		9DDADAC12C39C9CF00338413 /* MealDetailView.swift */ = {isa = PBXFileReference; lastKnownFileType = sourcecode.swift; path = MealDetailView.swift; sourceTree = "<group>"; };
/* End PBXFileReference section */

/* Begin PBXFrameworksBuildPhase section */
		9DDADAA62C39BD9F00338413 /* Frameworks */ = {
			isa = PBXFrameworksBuildPhase;
			buildActionMask = 2147483647;
			files = (
			);
			runOnlyForDeploymentPostprocessing = 0;
		};
/* End PBXFrameworksBuildPhase section */

/* Begin PBXGroup section */
		9DDADAA02C39BD9F00338413 = {
			isa = PBXGroup;
			children = (
				9DDADAAB2C39BD9F00338413 /* SweetTreats */,
				9DDADAAA2C39BD9F00338413 /* Products */,
			);
			sourceTree = "<group>";
		};
		9DDADAAA2C39BD9F00338413 /* Products */ = {
			isa = PBXGroup;
			children = (
				9DDADAA92C39BD9F00338413 /* SweetTreats.app */,
			);
			name = Products;
			sourceTree = "<group>";
		};
		9DDADAAB2C39BD9F00338413 /* SweetTreats */ = {
			isa = PBXGroup;
			children = (
				9DDADAAC2C39BD9F00338413 /* SweetTreatsApp.swift */,
				9DDADABC2C39BEAC00338413 /* Models */,
				9DDADABD2C39BED300338413 /* Views */,
				9DDADAC32C39CD7000338413 /* Helpers */,
				9DDADABE2C39BF0500338413 /* Resources */,
				9DDADAB22C39BDA200338413 /* Preview Content */,
			);
			path = SweetTreats;
			sourceTree = "<group>";
		};
		9DDADAB22C39BDA200338413 /* Preview Content */ = {
			isa = PBXGroup;
			children = (
				9DDADAB32C39BDA200338413 /* Preview Assets.xcassets */,
			);
			path = "Preview Content";
			sourceTree = "<group>";
		};
		9DDADABC2C39BEAC00338413 /* Models */ = {
			isa = PBXGroup;
			children = (
				9DDADABA2C39BE2900338413 /* MealResponse.swift */,
			);
			path = Models;
			sourceTree = "<group>";
		};
		9DDADABD2C39BED300338413 /* Views */ = {
			isa = PBXGroup;
			children = (
				9DDADAAE2C39BD9F00338413 /* DessertListView.swift */,
				9DDADAC12C39C9CF00338413 /* MealDetailView.swift */,
			);
			path = Views;
			sourceTree = "<group>";
		};
		9DDADABE2C39BF0500338413 /* Resources */ = {
			isa = PBXGroup;
			children = (
				9DDADAB02C39BDA200338413 /* Assets.xcassets */,
			);
			path = Resources;
			sourceTree = "<group>";
		};
		9DDADAC32C39CD7000338413 /* Helpers */ = {
			isa = PBXGroup;
			children = (
			);
			path = Helpers;
			sourceTree = "<group>";
		};
/* End PBXGroup section */

/* Begin PBXNativeTarget section */
		9DDADAA82C39BD9F00338413 /* SweetTreats */ = {
			isa = PBXNativeTarget;
			buildConfigurationList = 9DDADAB72C39BDA200338413 /* Build configuration list for PBXNativeTarget "SweetTreats" */;
			buildPhases = (
				9DDADAA52C39BD9F00338413 /* Sources */,
				9DDADAA62C39BD9F00338413 /* Frameworks */,
				9DDADAA72C39BD9F00338413 /* Resources */,
			);
			buildRules = (
			);
			dependencies = (
			);
			name = SweetTreats;
			productName = SweetTreats;
			productReference = 9DDADAA92C39BD9F00338413 /* SweetTreats.app */;
			productType = "com.apple.product-type.application";
		};
/* End PBXNativeTarget section */

/* Begin PBXProject section */
		9DDADAA12C39BD9F00338413 /* Project object */ = {
			isa = PBXProject;
			attributes = {
				BuildIndependentTargetsInParallel = 1;
				LastSwiftUpdateCheck = 1540;
				LastUpgradeCheck = 1540;
				TargetAttributes = {
					9DDADAA82C39BD9F00338413 = {
						CreatedOnToolsVersion = 15.4;
					};
				};
			};
			buildConfigurationList = 9DDADAA42C39BD9F00338413 /* Build configuration list for PBXProject "SweetTreats" */;
			compatibilityVersion = "Xcode 14.0";
			developmentRegion = en;
			hasScannedForEncodings = 0;
			knownRegions = (
				en,
				Base,
			);
			mainGroup = 9DDADAA02C39BD9F00338413;
			productRefGroup = 9DDADAAA2C39BD9F00338413 /* Products */;
			projectDirPath = "";
			projectRoot = "";
			targets = (
				9DDADAA82C39BD9F00338413 /* SweetTreats */,
			);
		};
/* End PBXProject section */

/* Begin PBXResourcesBuildPhase section */
		9DDADAA72C39BD9F00338413 /* Resources */ = {
			isa = PBXResourcesBuildPhase;
			buildActionMask = 2147483647;
			files = (
				9DDADAB42C39BDA200338413 /* Preview Assets.xcassets in Resources */,
				9DDADAB12C39BDA200338413 /* Assets.xcassets in Resources */,
			);
			runOnlyForDeploymentPostprocessing = 0;
		};
/* End PBXResourcesBuildPhase section */

/* Begin PBXSourcesBuildPhase section */
		9DDADAA52C39BD9F00338413 /* Sources */ = {
			isa = PBXSourcesBuildPhase;
			buildActionMask = 2147483647;
			files = (
				9DDADAC22C39C9CF00338413 /* MealDetailView.swift in Sources */,
				9DDADAAF2C39BD9F00338413 /* DessertListView.swift in Sources */,
				9DDADABB2C39BE2900338413 /* MealResponse.swift in Sources */,
				9DDADAAD2C39BD9F00338413 /* SweetTreatsApp.swift in Sources */,
			);
			runOnlyForDeploymentPostprocessing = 0;
		};
/* End PBXSourcesBuildPhase section */

/* Begin XCBuildConfiguration section */
		9DDADAB52C39BDA200338413 /* Debug */ = {
			isa = XCBuildConfiguration;
			buildSettings = {
				ALWAYS_SEARCH_USER_PATHS = NO;
				ASSETCATALOG_COMPILER_GENERATE_SWIFT_ASSET_SYMBOL_EXTENSIONS = YES;
				CLANG_ANALYZER_NONNULL = YES;
				CLANG_ANALYZER_NUMBER_OBJECT_CONVERSION = YES_AGGRESSIVE;
				CLANG_CXX_LANGUAGE_STANDARD = "gnu++20";
				CLANG_ENABLE_MODULES = YES;
				CLANG_ENABLE_OBJC_ARC = YES;
				CLANG_ENABLE_OBJC_WEAK = YES;
				CLANG_WARN_BLOCK_CAPTURE_AUTORELEASING = YES;
				CLANG_WARN_BOOL_CONVERSION = YES;
				CLANG_WARN_COMMA = YES;
				CLANG_WARN_CONSTANT_CONVERSION = YES;
				CLANG_WARN_DEPRECATED_OBJC_IMPLEMENTATIONS = YES;
				CLANG_WARN_DIRECT_OBJC_ISA_USAGE = YES_ERROR;
				CLANG_WARN_DOCUMENTATION_COMMENTS = YES;
				CLANG_WARN_EMPTY_BODY = YES;
				CLANG_WARN_ENUM_CONVERSION = YES;
				CLANG_WARN_INFINITE_RECURSION = YES;
				CLANG_WARN_INT_CONVERSION = YES;
				CLANG_WARN_NON_LITERAL_NULL_CONVERSION = YES;
				CLANG_WARN_OBJC_IMPLICIT_RETAIN_SELF = YES;
				CLANG_WARN_OBJC_LITERAL_CONVERSION = YES;
				CLANG_WARN_OBJC_ROOT_CLASS = YES_ERROR;
				CLANG_WARN_QUOTED_INCLUDE_IN_FRAMEWORK_HEADER = YES;
				CLANG_WARN_RANGE_LOOP_ANALYSIS = YES;
				CLANG_WARN_STRICT_PROTOTYPES = YES;
				CLANG_WARN_SUSPICIOUS_MOVE = YES;
				CLANG_WARN_UNGUARDED_AVAILABILITY = YES_AGGRESSIVE;
				CLANG_WARN_UNREACHABLE_CODE = YES;
				CLANG_WARN__DUPLICATE_METHOD_MATCH = YES;
				COPY_PHASE_STRIP = NO;
				DEBUG_INFORMATION_FORMAT = dwarf;
				ENABLE_STRICT_OBJC_MSGSEND = YES;
				ENABLE_TESTABILITY = YES;
				ENABLE_USER_SCRIPT_SANDBOXING = YES;
				GCC_C_LANGUAGE_STANDARD = gnu17;
				GCC_DYNAMIC_NO_PIC = NO;
				GCC_NO_COMMON_BLOCKS = YES;
				GCC_OPTIMIZATION_LEVEL = 0;
				GCC_PREPROCESSOR_DEFINITIONS = (
					"DEBUG=1",
					"$(inherited)",
				);
				GCC_WARN_64_TO_32_BIT_CONVERSION = YES;
				GCC_WARN_ABOUT_RETURN_TYPE = YES_ERROR;
				GCC_WARN_UNDECLARED_SELECTOR = YES;
				GCC_WARN_UNINITIALIZED_AUTOS = YES_AGGRESSIVE;
				GCC_WARN_UNUSED_FUNCTION = YES;
				GCC_WARN_UNUSED_VARIABLE = YES;
				IPHONEOS_DEPLOYMENT_TARGET = 17.5;
				LOCALIZATION_PREFERS_STRING_CATALOGS = YES;
				MTL_ENABLE_DEBUG_INFO = INCLUDE_SOURCE;
				MTL_FAST_MATH = YES;
				ONLY_ACTIVE_ARCH = YES;
				SDKROOT = iphoneos;
				SWIFT_ACTIVE_COMPILATION_CONDITIONS = "DEBUG $(inherited)";
				SWIFT_OPTIMIZATION_LEVEL = "-Onone";
			};
			name = Debug;
		};
		9DDADAB62C39BDA200338413 /* Release */ = {
			isa = XCBuildConfiguration;
			buildSettings = {
				ALWAYS_SEARCH_USER_PATHS = NO;
				ASSETCATALOG_COMPILER_GENERATE_SWIFT_ASSET_SYMBOL_EXTENSIONS = YES;
				CLANG_ANALYZER_NONNULL = YES;
				CLANG_ANALYZER_NUMBER_OBJECT_CONVERSION = YES_AGGRESSIVE;
				CLANG_CXX_LANGUAGE_STANDARD = "gnu++20";
				CLANG_ENABLE_MODULES = YES;
				CLANG_ENABLE_OBJC_ARC = YES;
				CLANG_ENABLE_OBJC_WEAK = YES;
				CLANG_WARN_BLOCK_CAPTURE_AUTORELEASING = YES;
				CLANG_WARN_BOOL_CONVERSION = YES;
				CLANG_WARN_COMMA = YES;
				CLANG_WARN_CONSTANT_CONVERSION = YES;
				CLANG_WARN_DEPRECATED_OBJC_IMPLEMENTATIONS = YES;
				CLANG_WARN_DIRECT_OBJC_ISA_USAGE = YES_ERROR;
				CLANG_WARN_DOCUMENTATION_COMMENTS = YES;
				CLANG_WARN_EMPTY_BODY = YES;
				CLANG_WARN_ENUM_CONVERSION = YES;
				CLANG_WARN_INFINITE_RECURSION = YES;
				CLANG_WARN_INT_CONVERSION = YES;
				CLANG_WARN_NON_LITERAL_NULL_CONVERSION = YES;
				CLANG_WARN_OBJC_IMPLICIT_RETAIN_SELF = YES;
				CLANG_WARN_OBJC_LITERAL_CONVERSION = YES;
				CLANG_WARN_OBJC_ROOT_CLASS = YES_ERROR;
				CLANG_WARN_QUOTED_INCLUDE_IN_FRAMEWORK_HEADER = YES;
				CLANG_WARN_RANGE_LOOP_ANALYSIS = YES;
				CLANG_WARN_STRICT_PROTOTYPES = YES;
				CLANG_WARN_SUSPICIOUS_MOVE = YES;
				CLANG_WARN_UNGUARDED_AVAILABILITY = YES_AGGRESSIVE;
				CLANG_WARN_UNREACHABLE_CODE = YES;
				CLANG_WARN__DUPLICATE_METHOD_MATCH = YES;
				COPY_PHASE_STRIP = NO;
				DEBUG_INFORMATION_FORMAT = "dwarf-with-dsym";
				ENABLE_NS_ASSERTIONS = NO;
				ENABLE_STRICT_OBJC_MSGSEND = YES;
				ENABLE_USER_SCRIPT_SANDBOXING = YES;
				GCC_C_LANGUAGE_STANDARD = gnu17;
				GCC_NO_COMMON_BLOCKS = YES;
				GCC_WARN_64_TO_32_BIT_CONVERSION = YES;
				GCC_WARN_ABOUT_RETURN_TYPE = YES_ERROR;
				GCC_WARN_UNDECLARED_SELECTOR = YES;
				GCC_WARN_UNINITIALIZED_AUTOS = YES_AGGRESSIVE;
				GCC_WARN_UNUSED_FUNCTION = YES;
				GCC_WARN_UNUSED_VARIABLE = YES;
				IPHONEOS_DEPLOYMENT_TARGET = 17.5;
				LOCALIZATION_PREFERS_STRING_CATALOGS = YES;
				MTL_ENABLE_DEBUG_INFO = NO;
				MTL_FAST_MATH = YES;
				SDKROOT = iphoneos;
				SWIFT_COMPILATION_MODE = wholemodule;
				VALIDATE_PRODUCT = YES;
			};
			name = Release;
		};
		9DDADAB82C39BDA200338413 /* Debug */ = {
			isa = XCBuildConfiguration;
			buildSettings = {
				ASSETCATALOG_COMPILER_APPICON_NAME = AppIcon;
				ASSETCATALOG_COMPILER_GLOBAL_ACCENT_COLOR_NAME = AccentColor;
				CODE_SIGN_STYLE = Automatic;
				CURRENT_PROJECT_VERSION = 1;
				DEVELOPMENT_ASSET_PATHS = "\"SweetTreats/Preview Content\"";
				DEVELOPMENT_TEAM = 42VHV36Q58;
				ENABLE_PREVIEWS = YES;
				GENERATE_INFOPLIST_FILE = YES;
				INFOPLIST_KEY_UIApplicationSceneManifest_Generation = YES;
				INFOPLIST_KEY_UIApplicationSupportsIndirectInputEvents = YES;
				INFOPLIST_KEY_UILaunchScreen_Generation = YES;
				INFOPLIST_KEY_UISupportedInterfaceOrientations_iPad = "UIInterfaceOrientationPortrait UIInterfaceOrientationPortraitUpsideDown UIInterfaceOrientationLandscapeLeft UIInterfaceOrientationLandscapeRight";
				INFOPLIST_KEY_UISupportedInterfaceOrientations_iPhone = "UIInterfaceOrientationPortrait UIInterfaceOrientationLandscapeLeft UIInterfaceOrientationLandscapeRight";
				LD_RUNPATH_SEARCH_PATHS = (
					"$(inherited)",
					"@executable_path/Frameworks",
				);
				MARKETING_VERSION = 1.0;
				PRODUCT_BUNDLE_IDENTIFIER = com.christopherendress.SweetTreats;
				PRODUCT_NAME = "$(TARGET_NAME)";
				SWIFT_EMIT_LOC_STRINGS = YES;
				SWIFT_VERSION = 5.0;
				TARGETED_DEVICE_FAMILY = "1,2";
			};
			name = Debug;
		};
		9DDADAB92C39BDA200338413 /* Release */ = {
			isa = XCBuildConfiguration;
			buildSettings = {
				ASSETCATALOG_COMPILER_APPICON_NAME = AppIcon;
				ASSETCATALOG_COMPILER_GLOBAL_ACCENT_COLOR_NAME = AccentColor;
				CODE_SIGN_STYLE = Automatic;
				CURRENT_PROJECT_VERSION = 1;
				DEVELOPMENT_ASSET_PATHS = "\"SweetTreats/Preview Content\"";
				DEVELOPMENT_TEAM = 42VHV36Q58;
				ENABLE_PREVIEWS = YES;
				GENERATE_INFOPLIST_FILE = YES;
				INFOPLIST_KEY_UIApplicationSceneManifest_Generation = YES;
				INFOPLIST_KEY_UIApplicationSupportsIndirectInputEvents = YES;
				INFOPLIST_KEY_UILaunchScreen_Generation = YES;
				INFOPLIST_KEY_UISupportedInterfaceOrientations_iPad = "UIInterfaceOrientationPortrait UIInterfaceOrientationPortraitUpsideDown UIInterfaceOrientationLandscapeLeft UIInterfaceOrientationLandscapeRight";
				INFOPLIST_KEY_UISupportedInterfaceOrientations_iPhone = "UIInterfaceOrientationPortrait UIInterfaceOrientationLandscapeLeft UIInterfaceOrientationLandscapeRight";
				LD_RUNPATH_SEARCH_PATHS = (
					"$(inherited)",
					"@executable_path/Frameworks",
				);
				MARKETING_VERSION = 1.0;
				PRODUCT_BUNDLE_IDENTIFIER = com.christopherendress.SweetTreats;
				PRODUCT_NAME = "$(TARGET_NAME)";
				SWIFT_EMIT_LOC_STRINGS = YES;
				SWIFT_VERSION = 5.0;
				TARGETED_DEVICE_FAMILY = "1,2";
			};
			name = Release;
		};
/* End XCBuildConfiguration section */

/* Begin XCConfigurationList section */
		9DDADAA42C39BD9F00338413 /* Build configuration list for PBXProject "SweetTreats" */ = {
			isa = XCConfigurationList;
			buildConfigurations = (
				9DDADAB52C39BDA200338413 /* Debug */,
				9DDADAB62C39BDA200338413 /* Release */,
			);
			defaultConfigurationIsVisible = 0;
			defaultConfigurationName = Release;
		};
		9DDADAB72C39BDA200338413 /* Build configuration list for PBXNativeTarget "SweetTreats" */ = {
			isa = XCConfigurationList;
			buildConfigurations = (
				9DDADAB82C39BDA200338413 /* Debug */,
				9DDADAB92C39BDA200338413 /* Release */,
			);
			defaultConfigurationIsVisible = 0;
			defaultConfigurationName = Release;
		};
/* End XCConfigurationList section */
	};
	rootObject = 9DDADAA12C39BD9F00338413 /* Project object */;
}
